Microsoft Visual Studio Solution File, Format Version 11.00
# Visual Studio 2008

Project("{1C544A1D-0EC7-E200-A237-1FE96B1B35B6}") = "PriceOfLife", "Assembly-CSharp-firstpass.csproj", "{A814B602-ED66-708C-F6D4-1343E06CD22D}"
EndProject
Project("{1C544A1D-0EC7-E200-A237-1FE96B1B35B6}") = "PriceOfLife", "Assembly-CSharp.csproj", "{DAFD6755-199E-A07F-9606-2655936A01E8}"
EndProject
Project("{1C544A1D-0EC7-E200-A237-1FE96B1B35B6}") = "PriceOfLife", "Assembly-CSharp-Editor.csproj", "{2F4ACE1E-FD0B-DD87-EB43-1FFFF14CC5B2}"
EndProject
Global
	GlobalSection(SolutionConfigurationPlatforms) = preSolution
		Debug|Any CPU = Debug|Any CPU
		Release|Any CPU = Release|Any CPU
	EndGlobalSection
	GlobalSection(ProjectConfigurationPlatforms) = postSolution
		{A814B602-ED66-708C-F6D4-1343E06CD22D}.Debug|Any CPU.ActiveCfg = Debug|Any CPU
		{A814B602-ED66-708C-F6D4-1343E06CD22D}.Debug|Any CPU.Build.0 = Debug|Any CPU
		{A814B602-ED66-708C-F6D4-1343E06CD22D}.Release|Any CPU.ActiveCfg = Release|Any CPU
		{A814B602-ED66-708C-F6D4-1343E06CD22D}.Release|Any CPU.Build.0 = Release|Any CPU
		{DAFD6755-199E-A07F-9606-2655936A01E8}.Debug|Any CPU.ActiveCfg = Debug|Any CPU
		{DAFD6755-199E-A07F-9606-2655936A01E8}.Debug|Any CPU.Build.0 = Debug|Any CPU
		{DAFD6755-199E-A07F-9606-2655936A01E8}.Release|Any CPU.ActiveCfg = Release|Any CPU
		{DAFD6755-199E-A07F-9606-2655936A01E8}.Release|Any CPU.Build.0 = Release|Any CPU
		{2F4ACE1E-FD0B-DD87-EB43-1FFFF14CC5B2}.Debug|Any CPU.ActiveCfg = Debug|Any CPU
		{2F4ACE1E-FD0B-DD87-EB43-1FFFF14CC5B2}.Debug|Any CPU.Build.0 = Debug|Any CPU
		{2F4ACE1E-FD0B-DD87-EB43-1FFFF14CC5B2}.Release|Any CPU.ActiveCfg = Release|Any CPU
		{2F4ACE1E-FD0B-DD87-EB43-1FFFF14CC5B2}.Release|Any CPU.Build.0 = Release|Any CPU
	EndGlobalSection
	GlobalSection(SolutionProperties) = preSolution
		HideSolutionNode = FALSE
	EndGlobalSection
	GlobalSection(MonoDevelopProperties) = preSolution
		StartupItem = Assembly-CSharp.csproj
	EndGlobalSection
EndGlobal
